// !$*UTF8*$!
{
	archiveVersion = 1;
	classes = {
	};
	objectVersion = 46;
	objects = {

/* Begin PBXBuildFile section */
		C4591ADE1D0CF2010074D824 /* AppDelegate.swift in Sources */ = {isa = PBXBuildFile; fileRef = C4591ADD1D0CF2010074D824 /* AppDelegate.swift */; };
		C4591AE01D0CF2010074D824 /* ViewController.swift in Sources */ = {isa = PBXBuildFile; fileRef = C4591ADF1D0CF2010074D824 /* ViewController.swift */; };
		C4591AE31D0CF2010074D824 /* Main.storyboard in Resources */ = {isa = PBXBuildFile; fileRef = C4591AE11D0CF2010074D824 /* Main.storyboard */; };
		C4591AE51D0CF2010074D824 /* Assets.xcassets in Resources */ = {isa = PBXBuildFile; fileRef = C4591AE41D0CF2010074D824 /* Assets.xcassets */; };
		C4591AE81D0CF2010074D824 /* LaunchScreen.storyboard in Resources */ = {isa = PBXBuildFile; fileRef = C4591AE61D0CF2010074D824 /* LaunchScreen.storyboard */; };
		C4591AF31D0CF2010074D824 /* LearnTableViewTests.swift in Sources */ = {isa = PBXBuildFile; fileRef = C4591AF21D0CF2010074D824 /* LearnTableViewTests.swift */; };
		C4591AFE1D0CF2010074D824 /* LearnTableViewUITests.swift in Sources */ = {isa = PBXBuildFile; fileRef = C4591AFD1D0CF2010074D824 /* LearnTableViewUITests.swift */; };
/* End PBXBuildFile section */

/* Begin PBXContainerItemProxy section */
		C4591AEF1D0CF2010074D824 /* PBXContainerItemProxy */ = {
			isa = PBXContainerItemProxy;
			containerPortal = C4591AD21D0CF2010074D824 /* Project object */;
			proxyType = 1;
			remoteGlobalIDString = C4591AD91D0CF2010074D824;
			remoteInfo = LearnTableView;
		};
		C4591AFA1D0CF2010074D824 /* PBXContainerItemProxy */ = {
			isa = PBXContainerItemProxy;
			containerPortal = C4591AD21D0CF2010074D824 /* Project object */;
			proxyType = 1;
			remoteGlobalIDString = C4591AD91D0CF2010074D824;
			remoteInfo = LearnTableView;
		};
/* End PBXContainerItemProxy section */

/* Begin PBXFileReference section */
		C4591ADA1D0CF2010074D824 /* LearnTableView.app */ = {isa = PBXFileReference; explicitFileType = wrapper.application; includeInIndex = 0; path = LearnTableView.app; sourceTree = BUILT_PRODUCTS_DIR; };
		C4591ADD1D0CF2010074D824 /* AppDelegate.swift */ = {isa = PBXFileReference; lastKnownFileType = sourcecode.swift; path = AppDelegate.swift; sourceTree = "<group>"; };
		C4591ADF1D0CF2010074D824 /* ViewController.swift */ = {isa = PBXFileReference; lastKnownFileType = sourcecode.swift; path = ViewController.swift; sourceTree = "<group>"; };
		C4591AE21D0CF2010074D824 /* Base */ = {isa = PBXFileReference; lastKnownFileType = file.storyboard; name = Base; path = Base.lproj/Main.storyboard; sourceTree = "<group>"; };
		C4591AE41D0CF2010074D824 /* Assets.xcassets */ = {isa = PBXFileReference; lastKnownFileType = folder.assetcatalog; path = Assets.xcassets; sourceTree = "<group>"; };
		C4591AE71D0CF2010074D824 /* Base */ = {isa = PBXFileReference; lastKnownFileType = file.storyboard; name = Base; path = Base.lproj/LaunchScreen.storyboard; sourceTree = "<group>"; };
		C4591AE91D0CF2010074D824 /* Info.plist */ = {isa = PBXFileReference; lastKnownFileType = text.plist.xml; path = Info.plist; sourceTree = "<group>"; };
		C4591AEE1D0CF2010074D824 /* LearnTableViewTests.xctest */ = {isa = PBXFileReference; explicitFileType = wrapper.cfbundle; includeInIndex = 0; path = LearnTableViewTests.xctest; sourceTree = BUILT_PRODUCTS_DIR; };
		C4591AF21D0CF2010074D824 /* LearnTableViewTests.swift */ = {isa = PBXFileReference; lastKnownFileType = sourcecode.swift; path = LearnTableViewTests.swift; sourceTree = "<group>"; };
		C4591AF41D0CF2010074D824 /* Info.plist */ = {isa = PBXFileReference; lastKnownFileType = text.plist.xml; path = Info.plist; sourceTree = "<group>"; };
		C4591AF91D0CF2010074D824 /* LearnTableViewUITests.xctest */ = {isa = PBXFileReference; explicitFileType = wrapper.cfbundle; includeInIndex = 0; path = LearnTableViewUITests.xctest; sourceTree = BUILT_PRODUCTS_DIR; };
		C4591AFD1D0CF2010074D824 /* LearnTableViewUITests.swift */ = {isa = PBXFileReference; lastKnownFileType = sourcecode.swift; path = LearnTableViewUITests.swift; sourceTree = "<group>"; };
		C4591AFF1D0CF2010074D824 /* Info.plist */ = {isa = PBXFileReference; lastKnownFileType = text.plist.xml; path = Info.plist; sourceTree = "<group>"; };
/* End PBXFileReference section */

/* Begin PBXFrameworksBuildPhase section */
		C4591AD71D0CF2010074D824 /* Frameworks */ = {
			isa = PBXFrameworksBuildPhase;
			buildActionMask = 2147483647;
			files = (
			);
			runOnlyForDeploymentPostprocessing = 0;
		};
		C4591AEB1D0CF2010074D824 /* Frameworks */ = {
			isa = PBXFrameworksBuildPhase;
			buildActionMask = 2147483647;
			files = (
			);
			runOnlyForDeploymentPostprocessing = 0;
		};
		C4591AF61D0CF2010074D824 /* Frameworks */ = {
			isa = PBXFrameworksBuildPhase;
			buildActionMask = 2147483647;
			files = (
			);
			runOnlyForDeploymentPostprocessing = 0;
		};
/* End PBXFrameworksBuildPhase section */

/* Begin PBXGroup section */
		C4591AD11D0CF2010074D824 = {
			isa = PBXGroup;
			children = (
				C4591ADC1D0CF2010074D824 /* LearnTableView */,
				C4591AF11D0CF2010074D824 /* LearnTableViewTests */,
				C4591AFC1D0CF2010074D824 /* LearnTableViewUITests */,
				C4591ADB1D0CF2010074D824 /* Products */,
			);
			sourceTree = "<group>";
		};
		C4591ADB1D0CF2010074D824 /* Products */ = {
			isa = PBXGroup;
			children = (
				C4591ADA1D0CF2010074D824 /* LearnTableView.app */,
				C4591AEE1D0CF2010074D824 /* LearnTableViewTests.xctest */,
				C4591AF91D0CF2010074D824 /* LearnTableViewUITests.xctest */,
			);
			name = Products;
			sourceTree = "<group>";
		};
		C4591ADC1D0CF2010074D824 /* LearnTableView */ = {
			isa = PBXGroup;
			children = (
				C4591ADD1D0CF2010074D824 /* AppDelegate.swift */,
				C4591ADF1D0CF2010074D824 /* ViewController.swift */,
				C4591AE11D0CF2010074D824 /* Main.storyboard */,
				C4591AE41D0CF2010074D824 /* Assets.xcassets */,
				C4591AE61D0CF2010074D824 /* LaunchScreen.storyboard */,
				C4591AE91D0CF2010074D824 /* Info.plist */,
			);
			path = LearnTableView;
			sourceTree = "<group>";
		};
		C4591AF11D0CF2010074D824 /* LearnTableViewTests */ = {
			isa = PBXGroup;
			children = (
				C4591AF21D0CF2010074D824 /* LearnTableViewTests.swift */,
				C4591AF41D0CF2010074D824 /* Info.plist */,
			);
			path = LearnTableViewTests;
			sourceTree = "<group>";
		};
		C4591AFC1D0CF2010074D824 /* LearnTableViewUITests */ = {
			isa = PBXGroup;
			children = (
				C4591AFD1D0CF2010074D824 /* LearnTableViewUITests.swift */,
				C4591AFF1D0CF2010074D824 /* Info.plist */,
			);
			path = LearnTableViewUITests;
			sourceTree = "<group>";
		};
/* End PBXGroup section */

/* Begin PBXNativeTarget section */
		C4591AD91D0CF2010074D824 /* LearnTableView */ = {
			isa = PBXNativeTarget;
			buildConfigurationList = C4591B021D0CF2010074D824 /* Build configuration list for PBXNativeTarget "LearnTableView" */;
			buildPhases = (
				C4591AD61D0CF2010074D824 /* Sources */,
				C4591AD71D0CF2010074D824 /* Frameworks */,
				C4591AD81D0CF2010074D824 /* Resources */,
			);
			buildRules = (
			);
			dependencies = (
			);
			name = LearnTableView;
			productName = LearnTableView;
			productReference = C4591ADA1D0CF2010074D824 /* LearnTableView.app */;
			productType = "com.apple.product-type.application";
		};
		C4591AED1D0CF2010074D824 /* LearnTableViewTests */ = {
			isa = PBXNativeTarget;
			buildConfigurationList = C4591B051D0CF2010074D824 /* Build configuration list for PBXNativeTarget "LearnTableViewTests" */;
			buildPhases = (
				C4591AEA1D0CF2010074D824 /* Sources */,
				C4591AEB1D0CF2010074D824 /* Frameworks */,
				C4591AEC1D0CF2010074D824 /* Resources */,
			);
			buildRules = (
			);
			dependencies = (
				C4591AF01D0CF2010074D824 /* PBXTargetDependency */,
			);
			name = LearnTableViewTests;
			productName = LearnTableViewTests;
			productReference = C4591AEE1D0CF2010074D824 /* LearnTableViewTests.xctest */;
			productType = "com.apple.product-type.bundle.unit-test";
		};
		C4591AF81D0CF2010074D824 /* LearnTableViewUITests */ = {
			isa = PBXNativeTarget;
			buildConfigurationList = C4591B081D0CF2010074D824 /* Build configuration list for PBXNativeTarget "LearnTableViewUITests" */;
			buildPhases = (
				C4591AF51D0CF2010074D824 /* Sources */,
				C4591AF61D0CF2010074D824 /* Frameworks */,
				C4591AF71D0CF2010074D824 /* Resources */,
			);
			buildRules = (
			);
			dependencies = (
				C4591AFB1D0CF2010074D824 /* PBXTargetDependency */,
			);
			name = LearnTableViewUITests;
			productName = LearnTableViewUITests;
			productReference = C4591AF91D0CF2010074D824 /* LearnTableViewUITests.xctest */;
			productType = "com.apple.product-type.bundle.ui-testing";
		};
/* End PBXNativeTarget section */

/* Begin PBXProject section */
		C4591AD21D0CF2010074D824 /* Project object */ = {
			isa = PBXProject;
			attributes = {
				LastSwiftUpdateCheck = 0730;
				LastUpgradeCheck = 0730;
				ORGANIZATIONNAME = masterUNG;
				TargetAttributes = {
					C4591AD91D0CF2010074D824 = {
						CreatedOnToolsVersion = 7.3.1;
					};
					C4591AED1D0CF2010074D824 = {
						CreatedOnToolsVersion = 7.3.1;
						TestTargetID = C4591AD91D0CF2010074D824;
					};
					C4591AF81D0CF2010074D824 = {
						CreatedOnToolsVersion = 7.3.1;
						TestTargetID = C4591AD91D0CF2010074D824;
					};
				};
			};
			buildConfigurationList = C4591AD51D0CF2010074D824 /* Build configuration list for PBXProject "LearnTableView" */;
			compatibilityVersion = "Xcode 3.2";
			developmentRegion = English;
			hasScannedForEncodings = 0;
			knownRegions = (
				en,
				Base,
			);
			mainGroup = C4591AD11D0CF2010074D824;
			productRefGroup = C4591ADB1D0CF2010074D824 /* Products */;
			projectDirPath = "";
			projectRoot = "";
			targets = (
				C4591AD91D0CF2010074D824 /* LearnTableView */,
				C4591AED1D0CF2010074D824 /* LearnTableViewTests */,
				C4591AF81D0CF2010074D824 /* LearnTableViewUITests */,
			);
		};
/* End PBXProject section */

/* Begin PBXResourcesBuildPhase section */
		C4591AD81D0CF2010074D824 /* Resources */ = {
			isa = PBXResourcesBuildPhase;
			buildActionMask = 2147483647;
			files = (
				C4591AE81D0CF2010074D824 /* LaunchScreen.storyboard in Resources */,
				C4591AE51D0CF2010074D824 /* Assets.xcassets in Resources */,
				C4591AE31D0CF2010074D824 /* Main.storyboard in Resources */,
			);
			runOnlyForDeploymentPostprocessing = 0;
		};
		C4591AEC1D0CF2010074D824 /* Resources */ = {
			isa = PBXResourcesBuildPhase;
			buildActionMask = 2147483647;
			files = (
			);
			runOnlyForDeploymentPostprocessing = 0;
		};
		C4591AF71D0CF2010074D824 /* Resources */ = {
			isa = PBXResourcesBuildPhase;
			buildActionMask = 2147483647;
			files = (
			);
			runOnlyForDeploymentPostprocessing = 0;
		};
/* End PBXResourcesBuildPhase section */

/* Begin PBXSourcesBuildPhase section */
		C4591AD61D0CF2010074D824 /* Sources */ = {
			isa = PBXSourcesBuildPhase;
			buildActionMask = 2147483647;
			files = (
				C4591AE01D0CF2010074D824 /* ViewController.swift in Sources */,
				C4591ADE1D0CF2010074D824 /* AppDelegate.swift in Sources */,
			);
			runOnlyForDeploymentPostprocessing = 0;
		};
		C4591AEA1D0CF2010074D824 /* Sources */ = {
			isa = PBXSourcesBuildPhase;
			buildActionMask = 2147483647;
			files = (
				C4591AF31D0CF2010074D824 /* LearnTableViewTests.swift in Sources */,
			);
			runOnlyForDeploymentPostprocessing = 0;
		};
		C4591AF51D0CF2010074D824 /* Sources */ = {
			isa = PBXSourcesBuildPhase;
			buildActionMask = 2147483647;
			files = (
				C4591AFE1D0CF2010074D824 /* LearnTableViewUITests.swift in Sources */,
			);
			runOnlyForDeploymentPostprocessing = 0;
		};
/* End PBXSourcesBuildPhase section */

/* Begin PBXTargetDependency section */
		C4591AF01D0CF2010074D824 /* PBXTargetDependency */ = {
			isa = PBXTargetDependency;
			target = C4591AD91D0CF2010074D824 /* LearnTableView */;
			targetProxy = C4591AEF1D0CF2010074D824 /* PBXContainerItemProxy */;
		};
		C4591AFB1D0CF2010074D824 /* PBXTargetDependency */ = {
			isa = PBXTargetDependency;
			target = C4591AD91D0CF2010074D824 /* LearnTableView */;
			targetProxy = C4591AFA1D0CF2010074D824 /* PBXContainerItemProxy */;
		};
/* End PBXTargetDependency section */

/* Begin PBXVariantGroup section */
		C4591AE11D0CF2010074D824 /* Main.storyboard */ = {
			isa = PBXVariantGroup;
			children = (
				C4591AE21D0CF2010074D824 /* Base */,
			);
			name = Main.storyboard;
			sourceTree = "<group>";
		};
		C4591AE61D0CF2010074D824 /* LaunchScreen.storyboard */ = {
			isa = PBXVariantGroup;
			children = (
				C4591AE71D0CF2010074D824 /* Base */,
			);
			name = LaunchScreen.storyboard;
			sourceTree = "<group>";
		};
/* End PBXVariantGroup section */

/* Begin XCBuildConfiguration section */
		C4591B001D0CF2010074D824 /* Debug */ = {
			isa = XCBuildConfiguration;
			buildSettings = {
				ALWAYS_SEARCH_USER_PATHS = NO;
				CLANG_ANALYZER_NONNULL = YES;
				CLANG_CXX_LANGUAGE_STANDARD = "gnu++0x";
				CLANG_CXX_LIBRARY = "libc++";
				CLANG_ENABLE_MODULES = YES;
				CLANG_ENABLE_OBJC_ARC = YES;
				CLANG_WARN_BOOL_CONVERSION = YES;
				CLANG_WARN_CONSTANT_CONVERSION = YES;
				CLANG_WARN_DIRECT_OBJC_ISA_USAGE = YES_ERROR;
				CLANG_WARN_EMPTY_BODY = YES;
				CLANG_WARN_ENUM_CONVERSION = YES;
				CLANG_WARN_INT_CONVERSION = YES;
				CLANG_WARN_OBJC_ROOT_CLASS = YES_ERROR;
				CLANG_WARN_UNREACHABLE_CODE = YES;
				CLANG_WARN__DUPLICATE_METHOD_MATCH = YES;
				"CODE_SIGN_IDENTITY[sdk=iphoneos*]" = "iPhone Developer";
				COPY_PHASE_STRIP = NO;
				DEBUG_INFORMATION_FORMAT = dwarf;
				ENABLE_STRICT_OBJC_MSGSEND = YES;
				ENABLE_TESTABILITY = YES;
				GCC_C_LANGUAGE_STANDARD = gnu99;
				GCC_DYNAMIC_NO_PIC = NO;
				GCC_NO_COMMON_BLOCKS = YES;
				GCC_OPTIMIZATION_LEVEL = 0;
				GCC_PREPROCESSOR_DEFINITIONS = (
					"DEBUG=1",
					"$(inherited)",
				);
				GCC_WARN_64_TO_32_BIT_CONVERSION = YES;
				GCC_WARN_ABOUT_RETURN_TYPE = YES_ERROR;
				GCC_WARN_UNDECLARED_SELECTOR = YES;
				GCC_WARN_UNINITIALIZED_AUTOS = YES_AGGRESSIVE;
				GCC_WARN_UNUSED_FUNCTION = YES;
				GCC_WARN_UNUSED_VARIABLE = YES;
				IPHONEOS_DEPLOYMENT_TARGET = 9.3;
				MTL_ENABLE_DEBUG_INFO = YES;
				ONLY_ACTIVE_ARCH = YES;
				SDKROOT = iphoneos;
				SWIFT_OPTIMIZATION_LEVEL = "-Onone";
			};
			name = Debug;
		};
		C4591B011D0CF2010074D824 /* Release */ = {
			isa = XCBuildConfiguration;
			buildSettings = {
				ALWAYS_SEARCH_USER_PATHS = NO;
				CLANG_ANALYZER_NONNULL = YES;
				CLANG_CXX_LANGUAGE_STANDARD = "gnu++0x";
				CLANG_CXX_LIBRARY = "libc++";
				CLANG_ENABLE_MODULES = YES;
				CLANG_ENABLE_OBJC_ARC = YES;
				CLANG_WARN_BOOL_CONVERSION = YES;
				CLANG_WARN_CONSTANT_CONVERSION = YES;
				CLANG_WARN_DIRECT_OBJC_ISA_USAGE = YES_ERROR;
				CLANG_WARN_EMPTY_BODY = YES;
				CLANG_WARN_ENUM_CONVERSION = YES;
				CLANG_WARN_INT_CONVERSION = YES;
				CLANG_WARN_OBJC_ROOT_CLASS = YES_ERROR;
				CLANG_WARN_UNREACHABLE_CODE = YES;
				CLANG_WARN__DUPLICATE_METHOD_MATCH = YES;
				"CODE_SIGN_IDENTITY[sdk=iphoneos*]" = "iPhone Developer";
				COPY_PHASE_STRIP = NO;
				DEBUG_INFORMATION_FORMAT = "dwarf-with-dsym";
				ENABLE_NS_ASSERTIONS = NO;
				ENABLE_STRICT_OBJC_MSGSEND = YES;
				GCC_C_LANGUAGE_STANDARD = gnu99;
				GCC_NO_COMMON_BLOCKS = YES;
				GCC_WARN_64_TO_32_BIT_CONVERSION = YES;
				GCC_WARN_ABOUT_RETURN_TYPE = YES_ERROR;
				GCC_WARN_UNDECLARED_SELECTOR = YES;
				GCC_WARN_UNINITIALIZED_AUTOS = YES_AGGRESSIVE;
				GCC_WARN_UNUSED_FUNCTION = YES;
				GCC_WARN_UNUSED_VARIABLE = YES;
				IPHONEOS_DEPLOYMENT_TARGET = 9.3;
				MTL_ENABLE_DEBUG_INFO = NO;
				SDKROOT = iphoneos;
				VALIDATE_PRODUCT = YES;
			};
			name = Release;
		};
		C4591B031D0CF2010074D824 /* Debug */ = {
			isa = XCBuildConfiguration;
			buildSettings = {
				ASSETCATALOG_COMPILER_APPICON_NAME = AppIcon;
				INFOPLIST_FILE = LearnTableView/Info.plist;
				LD_RUNPATH_SEARCH_PATHS = "$(inherited) @executable_path/Frameworks";
				PRODUCT_BUNDLE_IDENTIFIER = app.masterUNG.EWTC.LearnTableView;
				PRODUCT_NAME = "$(TARGET_NAME)";
			};
			name = Debug;
		};
		C4591B041D0CF2010074D824 /* Release */ = {
			isa = XCBuildConfiguration;
			buildSettings = {
				ASSETCATALOG_COMPILER_APPICON_NAME = AppIcon;
				INFOPLIST_FILE = LearnTableView/Info.plist;
				LD_RUNPATH_SEARCH_PATHS = "$(inherited) @executable_path/Frameworks";
				PRODUCT_BUNDLE_IDENTIFIER = app.masterUNG.EWTC.LearnTableView;
				PRODUCT_NAME = "$(TARGET_NAME)";
			};
			name = Release;
		};
		C4591B061D0CF2010074D824 /* Debug */ = {
			isa = XCBuildConfiguration;
			buildSettings = {
				BUNDLE_LOADER = "$(TEST_HOST)";
				INFOPLIST_FILE = LearnTableViewTests/Info.plist;
				LD_RUNPATH_SEARCH_PATHS = "$(inherited) @executable_path/Frameworks @loader_path/Frameworks";
				PRODUCT_BUNDLE_IDENTIFIER = app.masterUNG.EWTC.LearnTableViewTests;
				PRODUCT_NAME = "$(TARGET_NAME)";
				TEST_HOST = "$(BUILT_PRODUCTS_DIR)/LearnTableView.app/LearnTableView";
			};
			name = Debug;
		};
		C4591B071D0CF2010074D824 /* Release */ = {
			isa = XCBuildConfiguration;
			buildSettings = {
				BUNDLE_LOADER = "$(TEST_HOST)";
				INFOPLIST_FILE = LearnTableViewTests/Info.plist;
				LD_RUNPATH_SEARCH_PATHS = "$(inherited) @executable_path/Frameworks @loader_path/Frameworks";
				PRODUCT_BUNDLE_IDENTIFIER = app.masterUNG.EWTC.LearnTableViewTests;
				PRODUCT_NAME = "$(TARGET_NAME)";
				TEST_HOST = "$(BUILT_PRODUCTS_DIR)/LearnTableView.app/LearnTableView";
			};
			name = Release;
		};
		C4591B091D0CF2010074D824 /* Debug */ = {
			isa = XCBuildConfiguration;
			buildSettings = {
				INFOPLIST_FILE = LearnTableViewUITests/Info.plist;
				LD_RUNPATH_SEARCH_PATHS = "$(inherited) @executable_path/Frameworks @loader_path/Frameworks";
				PRODUCT_BUNDLE_IDENTIFIER = app.masterUNG.EWTC.LearnTableViewUITests;
				PRODUCT_NAME = "$(TARGET_NAME)";
				TEST_TARGET_NAME = LearnTableView;
			};
			name = Debug;
		};
		C4591B0A1D0CF2010074D824 /* Release */ = {
			isa = XCBuildConfiguration;
			buildSettings = {
				INFOPLIST_FILE = LearnTableViewUITests/Info.plist;
				LD_RUNPATH_SEARCH_PATHS = "$(inherited) @executable_path/Frameworks @loader_path/Frameworks";
				PRODUCT_BUNDLE_IDENTIFIER = app.masterUNG.EWTC.LearnTableViewUITests;
				PRODUCT_NAME = "$(TARGET_NAME)";
				TEST_TARGET_NAME = LearnTableView;
			};
			name = Release;
		};
/* End XCBuildConfiguration section */

/* Begin XCConfigurationList section */
		C4591AD51D0CF2010074D824 /* Build configuration list for PBXProject "LearnTableView" */ = {
			isa = XCConfigurationList;
			buildConfigurations = (
				C4591B001D0CF2010074D824 /* Debug */,
				C4591B011D0CF2010074D824 /* Release */,
			);
			defaultConfigurationIsVisible = 0;
			defaultConfigurationName = Release;
		};
		C4591B021D0CF2010074D824 /* Build configuration list for PBXNativeTarget "LearnTableView" */ = {
			isa = XCConfigurationList;
			buildConfigurations = (
				C4591B031D0CF2010074D824 /* Debug */,
				C4591B041D0CF2010074D824 /* Release */,
			);
			defaultConfigurationIsVisible = 0;
		};
		C4591B051D0CF2010074D824 /* Build configuration list for PBXNativeTarget "LearnTableViewTests" */ = {
			isa = XCConfigurationList;
			buildConfigurations = (
				C4591B061D0CF2010074D824 /* Debug */,
				C4591B071D0CF2010074D824 /* Release */,
			);
			defaultConfigurationIsVisible = 0;
		};
		C4591B081D0CF2010074D824 /* Build configuration list for PBXNativeTarget "LearnTableViewUITests" */ = {
			isa = XCConfigurationList;
			buildConfigurations = (
				C4591B091D0CF2010074D824 /* Debug */,
				C4591B0A1D0CF2010074D824 /* Release */,
			);
			defaultConfigurationIsVisible = 0;
		};
/* End XCConfigurationList section */
	};
	rootObject = C4591AD21D0CF2010074D824 /* Project object */;
}
